// !$*UTF8*$!
{
	archiveVersion = 1;
	classes = {
	};
	objectVersion = 50;
	objects = {

/* Begin PBXBuildFile section */
		F90F955A22FE7ACF00B5382F /* PIInteractor.swift in Sources */ = {isa = PBXBuildFile; fileRef = F90F955922FE7ACF00B5382F /* PIInteractor.swift */; };
		F90F955C22FE7B0B00B5382F /* PIRouter.swift in Sources */ = {isa = PBXBuildFile; fileRef = F90F955B22FE7B0B00B5382F /* PIRouter.swift */; };
		F9159FB222FE43120066E1A1 /* HTableViewCell.swift in Sources */ = {isa = PBXBuildFile; fileRef = F9159FB122FE43120066E1A1 /* HTableViewCell.swift */; };
		F9159FB722FE44740066E1A1 /* IBView.swift in Sources */ = {isa = PBXBuildFile; fileRef = F9159FB622FE44740066E1A1 /* IBView.swift */; };
		F9159FB922FE44FE0066E1A1 /* CGColorExtension.swift in Sources */ = {isa = PBXBuildFile; fileRef = F9159FB822FE44FE0066E1A1 /* CGColorExtension.swift */; };
		F9159FBB22FE47FB0066E1A1 /* UITableViewCellExtension.swift in Sources */ = {isa = PBXBuildFile; fileRef = F9159FBA22FE47FB0066E1A1 /* UITableViewCellExtension.swift */; };
		F9159FBD22FE48E50066E1A1 /* UITableViewExtension.swift in Sources */ = {isa = PBXBuildFile; fileRef = F9159FBC22FE48E50066E1A1 /* UITableViewExtension.swift */; };
		F91695E422FFB4A000BF8B1B /* PETableCell.swift in Sources */ = {isa = PBXBuildFile; fileRef = F91695E322FFB4A000BF8B1B /* PETableCell.swift */; };
		F91695E622FFB78900BF8B1B /* PastExperienceModel.swift in Sources */ = {isa = PBXBuildFile; fileRef = F91695E522FFB78900BF8B1B /* PastExperienceModel.swift */; };
		F91CC82A22FF75C100C237A8 /* ContactBuilder.swift in Sources */ = {isa = PBXBuildFile; fileRef = F91CC82922FF75C100C237A8 /* ContactBuilder.swift */; };
		F926C1BC22FF83E600BB3E4B /* ProfessionalSummary.storyboard in Resources */ = {isa = PBXBuildFile; fileRef = F926C1BB22FF83E600BB3E4B /* ProfessionalSummary.storyboard */; };
		F926C1BE22FF896000BB3E4B /* PSViewController.swift in Sources */ = {isa = PBXBuildFile; fileRef = F926C1BD22FF896000BB3E4B /* PSViewController.swift */; };
		F926C1C122FF8A3300BB3E4B /* PSPresenter.swift in Sources */ = {isa = PBXBuildFile; fileRef = F926C1C022FF8A3300BB3E4B /* PSPresenter.swift */; };
		F926C1C422FF8AFC00BB3E4B /* PSInteractor.swift in Sources */ = {isa = PBXBuildFile; fileRef = F926C1C322FF8AFC00BB3E4B /* PSInteractor.swift */; };
		F926C1C722FF8C1E00BB3E4B /* PSRouter.swift in Sources */ = {isa = PBXBuildFile; fileRef = F926C1C622FF8C1E00BB3E4B /* PSRouter.swift */; };
		F926C1CA22FF8E2900BB3E4B /* PSBuilder.swift in Sources */ = {isa = PBXBuildFile; fileRef = F926C1C922FF8E2900BB3E4B /* PSBuilder.swift */; };
		F93612A822FF67CC00FAC707 /* IBButton.swift in Sources */ = {isa = PBXBuildFile; fileRef = F93612A722FF67CC00FAC707 /* IBButton.swift */; };
		F94BB41922FFADBD00AE062A /* PastExperience.storyboard in Resources */ = {isa = PBXBuildFile; fileRef = F94BB41822FFADBD00AE062A /* PastExperience.storyboard */; };
		F94BB41B22FFAE3400AE062A /* PEViewController.swift in Sources */ = {isa = PBXBuildFile; fileRef = F94BB41A22FFAE3400AE062A /* PEViewController.swift */; };
		F94BB41E22FFAE8300AE062A /* PEPresenter.swift in Sources */ = {isa = PBXBuildFile; fileRef = F94BB41D22FFAE8300AE062A /* PEPresenter.swift */; };
		F94BB42122FFAEC200AE062A /* PEInteractor.swift in Sources */ = {isa = PBXBuildFile; fileRef = F94BB42022FFAEC200AE062A /* PEInteractor.swift */; };
		F94BB42422FFAF0A00AE062A /* PERouter.swift in Sources */ = {isa = PBXBuildFile; fileRef = F94BB42322FFAF0A00AE062A /* PERouter.swift */; };
		F94BB42722FFAF3500AE062A /* PEBuilder.swift in Sources */ = {isa = PBXBuildFile; fileRef = F94BB42622FFAF3500AE062A /* PEBuilder.swift */; };
		F96749AF22FE876600B14AB1 /* IBImageView.swift in Sources */ = {isa = PBXBuildFile; fileRef = F96749AE22FE876600B14AB1 /* IBImageView.swift */; };
		F96749BA22FE9B0900B14AB1 /* PersonalInformationModel.swift in Sources */ = {isa = PBXBuildFile; fileRef = F96749B922FE9B0900B14AB1 /* PersonalInformationModel.swift */; };
		F96749BE22FEA5DC00B14AB1 /* PIBuilder.swift in Sources */ = {isa = PBXBuildFile; fileRef = F96749BD22FEA5DC00B14AB1 /* PIBuilder.swift */; };
		F9800B7622FE68310078EAC0 /* HomeModuleStrings.strings in Resources */ = {isa = PBXBuildFile; fileRef = F9800B7822FE68310078EAC0 /* HomeModuleStrings.strings */; };
		F98BA51822FE742D002737DE /* PIViewController.swift in Sources */ = {isa = PBXBuildFile; fileRef = F98BA51722FE742D002737DE /* PIViewController.swift */; };
		F98BA51A22FE74B4002737DE /* PIPresenter.swift in Sources */ = {isa = PBXBuildFile; fileRef = F98BA51922FE74B4002737DE /* PIPresenter.swift */; };
		F9C2E53A22FF9FCC005BE0F4 /* TOKPresenter.swift in Sources */ = {isa = PBXBuildFile; fileRef = F9C2E53922FF9FCC005BE0F4 /* TOKPresenter.swift */; };
		F9C2E53C22FFA08A005BE0F4 /* TopicsOfKnowledgeModel.swift in Sources */ = {isa = PBXBuildFile; fileRef = F9C2E53B22FFA08A005BE0F4 /* TopicsOfKnowledgeModel.swift */; };
		F9C2E53F22FFA138005BE0F4 /* TOKInteractor.swift in Sources */ = {isa = PBXBuildFile; fileRef = F9C2E53E22FFA138005BE0F4 /* TOKInteractor.swift */; };
		F9C2E54222FFA232005BE0F4 /* TOKRouter.swift in Sources */ = {isa = PBXBuildFile; fileRef = F9C2E54122FFA232005BE0F4 /* TOKRouter.swift */; };
		F9C2E54522FFA34F005BE0F4 /* TOKBuilder.swift in Sources */ = {isa = PBXBuildFile; fileRef = F9C2E54422FFA34F005BE0F4 /* TOKBuilder.swift */; };
		F9C342A622FF9C9F00DAEE0E /* TopicsOfKnowledge.storyboard in Resources */ = {isa = PBXBuildFile; fileRef = F9C342A822FF9C9F00DAEE0E /* TopicsOfKnowledge.storyboard */; };
		F9C342AC22FF9D7400DAEE0E /* TOKViewController.swift in Sources */ = {isa = PBXBuildFile; fileRef = F9C342AB22FF9D7400DAEE0E /* TOKViewController.swift */; };
		F9D1AED022FF388E00E93CD6 /* PersonalInformation.storyboard in Resources */ = {isa = PBXBuildFile; fileRef = F9D1AED222FF388E00E93CD6 /* PersonalInformation.storyboard */; };
		F9E5D71122FF6B0F00554A10 /* Contact.storyboard in Resources */ = {isa = PBXBuildFile; fileRef = F9E5D71322FF6B0F00554A10 /* Contact.storyboard */; };
		F9E5D71722FF6CAA00554A10 /* CViewController.swift in Sources */ = {isa = PBXBuildFile; fileRef = F9E5D71622FF6CAA00554A10 /* CViewController.swift */; };
		F9E5D71A22FF6DE300554A10 /* CPresenter.swift in Sources */ = {isa = PBXBuildFile; fileRef = F9E5D71922FF6DE300554A10 /* CPresenter.swift */; };
		F9E5D71D22FF6F3600554A10 /* CInteractor.swift in Sources */ = {isa = PBXBuildFile; fileRef = F9E5D71C22FF6F3600554A10 /* CInteractor.swift */; };
		F9E5D71F22FF6F8800554A10 /* ContactModel.swift in Sources */ = {isa = PBXBuildFile; fileRef = F9E5D71E22FF6F8800554A10 /* ContactModel.swift */; };
		F9E5D72222FF702B00554A10 /* CRouter.swift in Sources */ = {isa = PBXBuildFile; fileRef = F9E5D72122FF702B00554A10 /* CRouter.swift */; };
		F9F1D83F22FE21610089CEB7 /* AppDelegate.swift in Sources */ = {isa = PBXBuildFile; fileRef = F9F1D83E22FE21610089CEB7 /* AppDelegate.swift */; };
		F9F1D84122FE21610089CEB7 /* HViewController.swift in Sources */ = {isa = PBXBuildFile; fileRef = F9F1D84022FE21610089CEB7 /* HViewController.swift */; };
		F9F1D84422FE21610089CEB7 /* HomeModule.storyboard in Resources */ = {isa = PBXBuildFile; fileRef = F9F1D84222FE21610089CEB7 /* HomeModule.storyboard */; };
		F9F1D84622FE21630089CEB7 /* Assets.xcassets in Resources */ = {isa = PBXBuildFile; fileRef = F9F1D84522FE21630089CEB7 /* Assets.xcassets */; };
		F9F1D84922FE21630089CEB7 /* LaunchScreen.storyboard in Resources */ = {isa = PBXBuildFile; fileRef = F9F1D84722FE21630089CEB7 /* LaunchScreen.storyboard */; };
		F9F1D87422FE2B9B0089CEB7 /* HPresenter.swift in Sources */ = {isa = PBXBuildFile; fileRef = F9F1D87322FE2B9B0089CEB7 /* HPresenter.swift */; };
		F9F1D87722FE2BE00089CEB7 /* HRouter.swift in Sources */ = {isa = PBXBuildFile; fileRef = F9F1D87622FE2BE00089CEB7 /* HRouter.swift */; };
		F9F1D87A22FE2C410089CEB7 /* HInteractor.swift in Sources */ = {isa = PBXBuildFile; fileRef = F9F1D87922FE2C410089CEB7 /* HInteractor.swift */; };
		F9F1D87C22FE2CC10089CEB7 /* HomeModel.swift in Sources */ = {isa = PBXBuildFile; fileRef = F9F1D87B22FE2CC10089CEB7 /* HomeModel.swift */; };
		F9F1D87E22FE2D0D0089CEB7 /* HomeElement.swift in Sources */ = {isa = PBXBuildFile; fileRef = F9F1D87D22FE2D0D0089CEB7 /* HomeElement.swift */; };
		F9F1D88122FE2DC30089CEB7 /* HomeModuleBuilder.swift in Sources */ = {isa = PBXBuildFile; fileRef = F9F1D88022FE2DC30089CEB7 /* HomeModuleBuilder.swift */; };
		F9F1D88522FE2EFA0089CEB7 /* UIStoryboardExtension.swift in Sources */ = {isa = PBXBuildFile; fileRef = F9F1D88422FE2EFA0089CEB7 /* UIStoryboardExtension.swift */; };
		F9FB012722FF4D3400CAC841 /* AboutThisProject.storyboard in Resources */ = {isa = PBXBuildFile; fileRef = F9FB012922FF4D3400CAC841 /* AboutThisProject.storyboard */; };
		F9FB012D22FF517E00CAC841 /* ATPViewController.swift in Sources */ = {isa = PBXBuildFile; fileRef = F9FB012C22FF517E00CAC841 /* ATPViewController.swift */; };
		F9FB012F22FF52E400CAC841 /* ATPPresenter.swift in Sources */ = {isa = PBXBuildFile; fileRef = F9FB012E22FF52E400CAC841 /* ATPPresenter.swift */; };
		F9FB013122FF53AE00CAC841 /* ATPInteractor.swift in Sources */ = {isa = PBXBuildFile; fileRef = F9FB013022FF53AE00CAC841 /* ATPInteractor.swift */; };
		F9FB013322FF547300CAC841 /* ATPRouter.swift in Sources */ = {isa = PBXBuildFile; fileRef = F9FB013222FF547300CAC841 /* ATPRouter.swift */; };
		F9FDBD2622FF5BFE00F759DD /* ATPBuilder.swift in Sources */ = {isa = PBXBuildFile; fileRef = F9FDBD2522FF5BFE00F759DD /* ATPBuilder.swift */; };
/* End PBXBuildFile section */

/* Begin PBXFileReference section */
		F90F955922FE7ACF00B5382F /* PIInteractor.swift */ = {isa = PBXFileReference; lastKnownFileType = sourcecode.swift; path = PIInteractor.swift; sourceTree = "<group>"; };
		F90F955B22FE7B0B00B5382F /* PIRouter.swift */ = {isa = PBXFileReference; lastKnownFileType = sourcecode.swift; path = PIRouter.swift; sourceTree = "<group>"; };
		F9159FB122FE43120066E1A1 /* HTableViewCell.swift */ = {isa = PBXFileReference; lastKnownFileType = sourcecode.swift; path = HTableViewCell.swift; sourceTree = "<group>"; };
		F9159FB622FE44740066E1A1 /* IBView.swift */ = {isa = PBXFileReference; lastKnownFileType = sourcecode.swift; path = IBView.swift; sourceTree = "<group>"; };
		F9159FB822FE44FE0066E1A1 /* CGColorExtension.swift */ = {isa = PBXFileReference; lastKnownFileType = sourcecode.swift; path = CGColorExtension.swift; sourceTree = "<group>"; };
		F9159FBA22FE47FB0066E1A1 /* UITableViewCellExtension.swift */ = {isa = PBXFileReference; lastKnownFileType = sourcecode.swift; path = UITableViewCellExtension.swift; sourceTree = "<group>"; };
		F9159FBC22FE48E50066E1A1 /* UITableViewExtension.swift */ = {isa = PBXFileReference; lastKnownFileType = sourcecode.swift; path = UITableViewExtension.swift; sourceTree = "<group>"; };
		F91695E322FFB4A000BF8B1B /* PETableCell.swift */ = {isa = PBXFileReference; lastKnownFileType = sourcecode.swift; path = PETableCell.swift; sourceTree = "<group>"; };
		F91695E522FFB78900BF8B1B /* PastExperienceModel.swift */ = {isa = PBXFileReference; lastKnownFileType = sourcecode.swift; path = PastExperienceModel.swift; sourceTree = "<group>"; };
		F91CC82922FF75C100C237A8 /* ContactBuilder.swift */ = {isa = PBXFileReference; lastKnownFileType = sourcecode.swift; path = ContactBuilder.swift; sourceTree = "<group>"; };
		F926C1BB22FF83E600BB3E4B /* ProfessionalSummary.storyboard */ = {isa = PBXFileReference; lastKnownFileType = file.storyboard; path = ProfessionalSummary.storyboard; sourceTree = "<group>"; };
		F926C1BD22FF896000BB3E4B /* PSViewController.swift */ = {isa = PBXFileReference; lastKnownFileType = sourcecode.swift; path = PSViewController.swift; sourceTree = "<group>"; };
		F926C1C022FF8A3300BB3E4B /* PSPresenter.swift */ = {isa = PBXFileReference; lastKnownFileType = sourcecode.swift; path = PSPresenter.swift; sourceTree = "<group>"; };
		F926C1C322FF8AFC00BB3E4B /* PSInteractor.swift */ = {isa = PBXFileReference; lastKnownFileType = sourcecode.swift; path = PSInteractor.swift; sourceTree = "<group>"; };
		F926C1C622FF8C1E00BB3E4B /* PSRouter.swift */ = {isa = PBXFileReference; lastKnownFileType = sourcecode.swift; path = PSRouter.swift; sourceTree = "<group>"; };
		F926C1C922FF8E2900BB3E4B /* PSBuilder.swift */ = {isa = PBXFileReference; lastKnownFileType = sourcecode.swift; path = PSBuilder.swift; sourceTree = "<group>"; };
		F93612A722FF67CC00FAC707 /* IBButton.swift */ = {isa = PBXFileReference; lastKnownFileType = sourcecode.swift; path = IBButton.swift; sourceTree = "<group>"; };
		F94BB41822FFADBD00AE062A /* PastExperience.storyboard */ = {isa = PBXFileReference; lastKnownFileType = file.storyboard; path = PastExperience.storyboard; sourceTree = "<group>"; };
		F94BB41A22FFAE3400AE062A /* PEViewController.swift */ = {isa = PBXFileReference; lastKnownFileType = sourcecode.swift; path = PEViewController.swift; sourceTree = "<group>"; };
		F94BB41D22FFAE8300AE062A /* PEPresenter.swift */ = {isa = PBXFileReference; lastKnownFileType = sourcecode.swift; path = PEPresenter.swift; sourceTree = "<group>"; };
		F94BB42022FFAEC200AE062A /* PEInteractor.swift */ = {isa = PBXFileReference; lastKnownFileType = sourcecode.swift; path = PEInteractor.swift; sourceTree = "<group>"; };
		F94BB42322FFAF0A00AE062A /* PERouter.swift */ = {isa = PBXFileReference; lastKnownFileType = sourcecode.swift; path = PERouter.swift; sourceTree = "<group>"; };
		F94BB42622FFAF3500AE062A /* PEBuilder.swift */ = {isa = PBXFileReference; lastKnownFileType = sourcecode.swift; path = PEBuilder.swift; sourceTree = "<group>"; };
		F96749AE22FE876600B14AB1 /* IBImageView.swift */ = {isa = PBXFileReference; lastKnownFileType = sourcecode.swift; path = IBImageView.swift; sourceTree = "<group>"; };
		F96749B922FE9B0900B14AB1 /* PersonalInformationModel.swift */ = {isa = PBXFileReference; lastKnownFileType = sourcecode.swift; path = PersonalInformationModel.swift; sourceTree = "<group>"; };
		F96749BD22FEA5DC00B14AB1 /* PIBuilder.swift */ = {isa = PBXFileReference; lastKnownFileType = sourcecode.swift; path = PIBuilder.swift; sourceTree = "<group>"; };
		F9800B7722FE68310078EAC0 /* es */ = {isa = PBXFileReference; lastKnownFileType = text.plist.strings; name = es; path = es.lproj/HomeModuleStrings.strings; sourceTree = "<group>"; };
		F98BA51722FE742D002737DE /* PIViewController.swift */ = {isa = PBXFileReference; lastKnownFileType = sourcecode.swift; path = PIViewController.swift; sourceTree = "<group>"; };
		F98BA51922FE74B4002737DE /* PIPresenter.swift */ = {isa = PBXFileReference; lastKnownFileType = sourcecode.swift; path = PIPresenter.swift; sourceTree = "<group>"; };
		F9C2E53922FF9FCC005BE0F4 /* TOKPresenter.swift */ = {isa = PBXFileReference; lastKnownFileType = sourcecode.swift; path = TOKPresenter.swift; sourceTree = "<group>"; };
		F9C2E53B22FFA08A005BE0F4 /* TopicsOfKnowledgeModel.swift */ = {isa = PBXFileReference; lastKnownFileType = sourcecode.swift; path = TopicsOfKnowledgeModel.swift; sourceTree = "<group>"; };
		F9C2E53E22FFA138005BE0F4 /* TOKInteractor.swift */ = {isa = PBXFileReference; lastKnownFileType = sourcecode.swift; path = TOKInteractor.swift; sourceTree = "<group>"; };
		F9C2E54122FFA232005BE0F4 /* TOKRouter.swift */ = {isa = PBXFileReference; lastKnownFileType = sourcecode.swift; path = TOKRouter.swift; sourceTree = "<group>"; };
		F9C2E54422FFA34F005BE0F4 /* TOKBuilder.swift */ = {isa = PBXFileReference; lastKnownFileType = sourcecode.swift; path = TOKBuilder.swift; sourceTree = "<group>"; };
		F9C342A722FF9C9F00DAEE0E /* Base */ = {isa = PBXFileReference; lastKnownFileType = file.storyboard; name = Base; path = Base.lproj/TopicsOfKnowledge.storyboard; sourceTree = "<group>"; };
		F9C342AA22FF9CBC00DAEE0E /* es */ = {isa = PBXFileReference; lastKnownFileType = text.plist.strings; name = es; path = es.lproj/TopicsOfKnowledge.strings; sourceTree = "<group>"; };
		F9C342AB22FF9D7400DAEE0E /* TOKViewController.swift */ = {isa = PBXFileReference; lastKnownFileType = sourcecode.swift; path = TOKViewController.swift; sourceTree = "<group>"; };
		F9D1AED122FF388E00E93CD6 /* Base */ = {isa = PBXFileReference; lastKnownFileType = file.storyboard; name = Base; path = Base.lproj/PersonalInformation.storyboard; sourceTree = "<group>"; };
		F9D1AED422FF38A200E93CD6 /* es */ = {isa = PBXFileReference; lastKnownFileType = text.plist.strings; name = es; path = es.lproj/PersonalInformation.strings; sourceTree = "<group>"; };
		F9E5D71222FF6B0F00554A10 /* Base */ = {isa = PBXFileReference; lastKnownFileType = file.storyboard; name = Base; path = Base.lproj/Contact.storyboard; sourceTree = "<group>"; };
		F9E5D71522FF6B1C00554A10 /* es */ = {isa = PBXFileReference; lastKnownFileType = text.plist.strings; name = es; path = es.lproj/Contact.strings; sourceTree = "<group>"; };
		F9E5D71622FF6CAA00554A10 /* CViewController.swift */ = {isa = PBXFileReference; lastKnownFileType = sourcecode.swift; path = CViewController.swift; sourceTree = "<group>"; };
		F9E5D71922FF6DE300554A10 /* CPresenter.swift */ = {isa = PBXFileReference; lastKnownFileType = sourcecode.swift; path = CPresenter.swift; sourceTree = "<group>"; };
		F9E5D71C22FF6F3600554A10 /* CInteractor.swift */ = {isa = PBXFileReference; lastKnownFileType = sourcecode.swift; path = CInteractor.swift; sourceTree = "<group>"; };
		F9E5D71E22FF6F8800554A10 /* ContactModel.swift */ = {isa = PBXFileReference; lastKnownFileType = sourcecode.swift; path = ContactModel.swift; sourceTree = "<group>"; };
		F9E5D72122FF702B00554A10 /* CRouter.swift */ = {isa = PBXFileReference; lastKnownFileType = sourcecode.swift; path = CRouter.swift; sourceTree = "<group>"; };
		F9F1D83B22FE21610089CEB7 /* AndrosCodemoCV.app */ = {isa = PBXFileReference; explicitFileType = wrapper.application; includeInIndex = 0; path = AndrosCodemoCV.app; sourceTree = BUILT_PRODUCTS_DIR; };
		F9F1D83E22FE21610089CEB7 /* AppDelegate.swift */ = {isa = PBXFileReference; lastKnownFileType = sourcecode.swift; path = AppDelegate.swift; sourceTree = "<group>"; };
		F9F1D84022FE21610089CEB7 /* HViewController.swift */ = {isa = PBXFileReference; lastKnownFileType = sourcecode.swift; path = HViewController.swift; sourceTree = "<group>"; };
		F9F1D84322FE21610089CEB7 /* Base */ = {isa = PBXFileReference; lastKnownFileType = file.storyboard; name = Base; path = Base.lproj/HomeModule.storyboard; sourceTree = "<group>"; };
		F9F1D84522FE21630089CEB7 /* Assets.xcassets */ = {isa = PBXFileReference; lastKnownFileType = folder.assetcatalog; path = Assets.xcassets; sourceTree = "<group>"; };
		F9F1D84822FE21630089CEB7 /* Base */ = {isa = PBXFileReference; lastKnownFileType = file.storyboard; name = Base; path = Base.lproj/LaunchScreen.storyboard; sourceTree = "<group>"; };
		F9F1D84A22FE21630089CEB7 /* Info.plist */ = {isa = PBXFileReference; lastKnownFileType = text.plist.xml; path = Info.plist; sourceTree = "<group>"; };
		F9F1D86F22FE2A130089CEB7 /* es */ = {isa = PBXFileReference; lastKnownFileType = text.plist.strings; name = es; path = es.lproj/HomeModule.strings; sourceTree = "<group>"; };
		F9F1D87022FE2A140089CEB7 /* es */ = {isa = PBXFileReference; lastKnownFileType = text.plist.strings; name = es; path = es.lproj/LaunchScreen.strings; sourceTree = "<group>"; };
		F9F1D87322FE2B9B0089CEB7 /* HPresenter.swift */ = {isa = PBXFileReference; lastKnownFileType = sourcecode.swift; path = HPresenter.swift; sourceTree = "<group>"; };
		F9F1D87622FE2BE00089CEB7 /* HRouter.swift */ = {isa = PBXFileReference; lastKnownFileType = sourcecode.swift; path = HRouter.swift; sourceTree = "<group>"; };
		F9F1D87922FE2C410089CEB7 /* HInteractor.swift */ = {isa = PBXFileReference; lastKnownFileType = sourcecode.swift; path = HInteractor.swift; sourceTree = "<group>"; };
		F9F1D87B22FE2CC10089CEB7 /* HomeModel.swift */ = {isa = PBXFileReference; lastKnownFileType = sourcecode.swift; path = HomeModel.swift; sourceTree = "<group>"; };
		F9F1D87D22FE2D0D0089CEB7 /* HomeElement.swift */ = {isa = PBXFileReference; lastKnownFileType = sourcecode.swift; path = HomeElement.swift; sourceTree = "<group>"; };
		F9F1D88022FE2DC30089CEB7 /* HomeModuleBuilder.swift */ = {isa = PBXFileReference; lastKnownFileType = sourcecode.swift; path = HomeModuleBuilder.swift; sourceTree = "<group>"; };
		F9F1D88422FE2EFA0089CEB7 /* UIStoryboardExtension.swift */ = {isa = PBXFileReference; lastKnownFileType = sourcecode.swift; path = UIStoryboardExtension.swift; sourceTree = "<group>"; };
		F9FB012822FF4D3400CAC841 /* Base */ = {isa = PBXFileReference; lastKnownFileType = file.storyboard; name = Base; path = Base.lproj/AboutThisProject.storyboard; sourceTree = "<group>"; };
		F9FB012B22FF4D4B00CAC841 /* es */ = {isa = PBXFileReference; lastKnownFileType = text.plist.strings; name = es; path = es.lproj/AboutThisProject.strings; sourceTree = "<group>"; };
		F9FB012C22FF517E00CAC841 /* ATPViewController.swift */ = {isa = PBXFileReference; lastKnownFileType = sourcecode.swift; path = ATPViewController.swift; sourceTree = "<group>"; };
		F9FB012E22FF52E400CAC841 /* ATPPresenter.swift */ = {isa = PBXFileReference; lastKnownFileType = sourcecode.swift; path = ATPPresenter.swift; sourceTree = "<group>"; };
		F9FB013022FF53AE00CAC841 /* ATPInteractor.swift */ = {isa = PBXFileReference; lastKnownFileType = sourcecode.swift; path = ATPInteractor.swift; sourceTree = "<group>"; };
		F9FB013222FF547300CAC841 /* ATPRouter.swift */ = {isa = PBXFileReference; lastKnownFileType = sourcecode.swift; path = ATPRouter.swift; sourceTree = "<group>"; };
		F9FDBD2522FF5BFE00F759DD /* ATPBuilder.swift */ = {isa = PBXFileReference; lastKnownFileType = sourcecode.swift; path = ATPBuilder.swift; sourceTree = "<group>"; };
/* End PBXFileReference section */

/* Begin PBXFrameworksBuildPhase section */
		F9F1D83822FE21610089CEB7 /* Frameworks */ = {
			isa = PBXFrameworksBuildPhase;
			buildActionMask = 2147483647;
			files = (
			);
			runOnlyForDeploymentPostprocessing = 0;
		};
/* End PBXFrameworksBuildPhase section */

/* Begin PBXGroup section */
		F906AC6022FF97DD007284C0 /* TopicsOfKnowledgeModule */ = {
			isa = PBXGroup;
			children = (
				F9C2E54322FFA341005BE0F4 /* TOKBuilder */,
				F9C2E54022FFA227005BE0F4 /* TOKRouter */,
				F9C2E53D22FFA12C005BE0F4 /* TOKInteractor */,
				F9C2E53822FF9FBD005BE0F4 /* TOKPresenter */,
				F906AC6122FF97EC007284C0 /* TOKView */,
			);
			path = TopicsOfKnowledgeModule;
			sourceTree = "<group>";
		};
		F906AC6122FF97EC007284C0 /* TOKView */ = {
			isa = PBXGroup;
			children = (
				F9C342AB22FF9D7400DAEE0E /* TOKViewController.swift */,
				F9C342A822FF9C9F00DAEE0E /* TopicsOfKnowledge.storyboard */,
			);
			path = TOKView;
			sourceTree = "<group>";
		};
		F9159FB522FE44680066E1A1 /* IBKit */ = {
			isa = PBXGroup;
			children = (
				F96749AE22FE876600B14AB1 /* IBImageView.swift */,
				F9159FB622FE44740066E1A1 /* IBView.swift */,
				F93612A722FF67CC00FAC707 /* IBButton.swift */,
			);
			path = IBKit;
			sourceTree = "<group>";
		};
		F926C1B922FF83B700BB3E4B /* ProfessionalSummaryModule */ = {
			isa = PBXGroup;
			children = (
				F926C1C822FF8DFC00BB3E4B /* PSBuilder */,
				F926C1C522FF8C0E00BB3E4B /* PSRouter */,
				F926C1C222FF8AEE00BB3E4B /* PSInteractor */,
				F926C1BF22FF8A2600BB3E4B /* PSPresenter */,
				F926C1BA22FF83C800BB3E4B /* PSView */,
			);
			path = ProfessionalSummaryModule;
			sourceTree = "<group>";
		};
		F926C1BA22FF83C800BB3E4B /* PSView */ = {
			isa = PBXGroup;
			children = (
				F926C1BD22FF896000BB3E4B /* PSViewController.swift */,
				F926C1BB22FF83E600BB3E4B /* ProfessionalSummary.storyboard */,
			);
			path = PSView;
			sourceTree = "<group>";
		};
		F926C1BF22FF8A2600BB3E4B /* PSPresenter */ = {
			isa = PBXGroup;
			children = (
				F926C1C022FF8A3300BB3E4B /* PSPresenter.swift */,
			);
			path = PSPresenter;
			sourceTree = "<group>";
		};
		F926C1C222FF8AEE00BB3E4B /* PSInteractor */ = {
			isa = PBXGroup;
			children = (
				F926C1C322FF8AFC00BB3E4B /* PSInteractor.swift */,
			);
			path = PSInteractor;
			sourceTree = "<group>";
		};
		F926C1C522FF8C0E00BB3E4B /* PSRouter */ = {
			isa = PBXGroup;
			children = (
				F926C1C622FF8C1E00BB3E4B /* PSRouter.swift */,
			);
			path = PSRouter;
			sourceTree = "<group>";
		};
		F926C1C822FF8DFC00BB3E4B /* PSBuilder */ = {
			isa = PBXGroup;
			children = (
				F926C1C922FF8E2900BB3E4B /* PSBuilder.swift */,
			);
			path = PSBuilder;
			sourceTree = "<group>";
		};
		F94BB41622FFAD8F00AE062A /* PastExperienceModule */ = {
			isa = PBXGroup;
			children = (
				F94BB42522FFAF2900AE062A /* PEBuilder */,
				F94BB42222FFAF0000AE062A /* PERouter */,
				F94BB41F22FFAEB900AE062A /* PEInteractor */,
				F94BB41C22FFAE6700AE062A /* PEPresenter */,
				F94BB41722FFADA600AE062A /* PEView */,
			);
			path = PastExperienceModule;
			sourceTree = "<group>";
		};
		F94BB41722FFADA600AE062A /* PEView */ = {
			isa = PBXGroup;
			children = (
				F94BB41A22FFAE3400AE062A /* PEViewController.swift */,
				F91695E322FFB4A000BF8B1B /* PETableCell.swift */,
				F94BB41822FFADBD00AE062A /* PastExperience.storyboard */,
			);
			path = PEView;
			sourceTree = "<group>";
		};
		F94BB41C22FFAE6700AE062A /* PEPresenter */ = {
			isa = PBXGroup;
			children = (
				F94BB41D22FFAE8300AE062A /* PEPresenter.swift */,
			);
			path = PEPresenter;
			sourceTree = "<group>";
		};
		F94BB41F22FFAEB900AE062A /* PEInteractor */ = {
			isa = PBXGroup;
			children = (
				F94BB42022FFAEC200AE062A /* PEInteractor.swift */,
			);
			path = PEInteractor;
			sourceTree = "<group>";
		};
		F94BB42222FFAF0000AE062A /* PERouter */ = {
			isa = PBXGroup;
			children = (
				F94BB42322FFAF0A00AE062A /* PERouter.swift */,
			);
			path = PERouter;
			sourceTree = "<group>";
		};
		F94BB42522FFAF2900AE062A /* PEBuilder */ = {
			isa = PBXGroup;
			children = (
				F94BB42622FFAF3500AE062A /* PEBuilder.swift */,
			);
			path = PEBuilder;
			sourceTree = "<group>";
		};
		F97E0C3022FF5E31007E5641 /* ContactModule */ = {
			isa = PBXGroup;
			children = (
				F9E5D72322FF755E00554A10 /* ContactBuilder */,
				F9E5D72022FF702200554A10 /* ContactRouter */,
				F9E5D71B22FF6F2600554A10 /* ContactInteractor */,
				F9E5D71822FF6DD800554A10 /* ContactPresenter */,
				F97E0C3122FF5E41007E5641 /* ContactView */,
			);
			path = ContactModule;
			sourceTree = "<group>";
		};
		F97E0C3122FF5E41007E5641 /* ContactView */ = {
			isa = PBXGroup;
			children = (
				F9E5D71622FF6CAA00554A10 /* CViewController.swift */,
				F9E5D71322FF6B0F00554A10 /* Contact.storyboard */,
			);
			path = ContactView;
			sourceTree = "<group>";
		};
		F98BA51022FE73A2002737DE /* PersonalInformationView */ = {
			isa = PBXGroup;
			children = (
				F9D1AED222FF388E00E93CD6 /* PersonalInformation.storyboard */,
				F98BA51722FE742D002737DE /* PIViewController.swift */,
			);
			path = PersonalInformationView;
			sourceTree = "<group>";
		};
		F98BA51122FE73B9002737DE /* PersonalInformationPresenter */ = {
			isa = PBXGroup;
			children = (
				F98BA51922FE74B4002737DE /* PIPresenter.swift */,
			);
			path = PersonalInformationPresenter;
			sourceTree = "<group>";
		};
		F98BA51222FE73C3002737DE /* PersonalInformationRouter */ = {
			isa = PBXGroup;
			children = (
				F90F955B22FE7B0B00B5382F /* PIRouter.swift */,
			);
			path = PersonalInformationRouter;
			sourceTree = "<group>";
		};
		F98BA51322FE73D7002737DE /* PersonalInformationInteractor */ = {
			isa = PBXGroup;
			children = (
				F90F955922FE7ACF00B5382F /* PIInteractor.swift */,
			);
			path = PersonalInformationInteractor;
			sourceTree = "<group>";
		};
		F98BA51422FE73ED002737DE /* PersonalInformationBuilder */ = {
			isa = PBXGroup;
			children = (
				F96749BD22FEA5DC00B14AB1 /* PIBuilder.swift */,
			);
			path = PersonalInformationBuilder;
			sourceTree = "<group>";
		};
		F9C2E53822FF9FBD005BE0F4 /* TOKPresenter */ = {
			isa = PBXGroup;
			children = (
				F9C2E53922FF9FCC005BE0F4 /* TOKPresenter.swift */,
			);
			path = TOKPresenter;
			sourceTree = "<group>";
		};
		F9C2E53D22FFA12C005BE0F4 /* TOKInteractor */ = {
			isa = PBXGroup;
			children = (
				F9C2E53E22FFA138005BE0F4 /* TOKInteractor.swift */,
			);
			path = TOKInteractor;
			sourceTree = "<group>";
		};
		F9C2E54022FFA227005BE0F4 /* TOKRouter */ = {
			isa = PBXGroup;
			children = (
				F9C2E54122FFA232005BE0F4 /* TOKRouter.swift */,
			);
			path = TOKRouter;
			sourceTree = "<group>";
		};
		F9C2E54322FFA341005BE0F4 /* TOKBuilder */ = {
			isa = PBXGroup;
			children = (
				F9C2E54422FFA34F005BE0F4 /* TOKBuilder.swift */,
			);
			path = TOKBuilder;
			sourceTree = "<group>";
		};
		F9C67BAC22FF3FC400753D99 /* AboutThisProjectModule */ = {
			isa = PBXGroup;
			children = (
				F9C67BB122FF403600753D99 /* ATPBuilder */,
				F9C67BB022FF402B00753D99 /* ATPRouter */,
				F9C67BAF22FF402000753D99 /* ATPInteractor */,
				F9C67BAE22FF400E00753D99 /* ATPPresenter */,
				F9C67BAD22FF3FF800753D99 /* ATPView */,
			);
			path = AboutThisProjectModule;
			sourceTree = "<group>";
		};
		F9C67BAD22FF3FF800753D99 /* ATPView */ = {
			isa = PBXGroup;
			children = (
				F9FB012C22FF517E00CAC841 /* ATPViewController.swift */,
				F9FB012922FF4D3400CAC841 /* AboutThisProject.storyboard */,
			);
			path = ATPView;
			sourceTree = "<group>";
		};
		F9C67BAE22FF400E00753D99 /* ATPPresenter */ = {
			isa = PBXGroup;
			children = (
				F9FB012E22FF52E400CAC841 /* ATPPresenter.swift */,
			);
			path = ATPPresenter;
			sourceTree = "<group>";
		};
		F9C67BAF22FF402000753D99 /* ATPInteractor */ = {
			isa = PBXGroup;
			children = (
				F9FB013022FF53AE00CAC841 /* ATPInteractor.swift */,
			);
			path = ATPInteractor;
			sourceTree = "<group>";
		};
		F9C67BB022FF402B00753D99 /* ATPRouter */ = {
			isa = PBXGroup;
			children = (
				F9FB013222FF547300CAC841 /* ATPRouter.swift */,
			);
			path = ATPRouter;
			sourceTree = "<group>";
		};
		F9C67BB122FF403600753D99 /* ATPBuilder */ = {
			isa = PBXGroup;
			children = (
				F9FDBD2522FF5BFE00F759DD /* ATPBuilder.swift */,
			);
			path = ATPBuilder;
			sourceTree = "<group>";
		};
		F9E5D71822FF6DD800554A10 /* ContactPresenter */ = {
			isa = PBXGroup;
			children = (
				F9E5D71922FF6DE300554A10 /* CPresenter.swift */,
			);
			path = ContactPresenter;
			sourceTree = "<group>";
		};
		F9E5D71B22FF6F2600554A10 /* ContactInteractor */ = {
			isa = PBXGroup;
			children = (
				F9E5D71C22FF6F3600554A10 /* CInteractor.swift */,
			);
			path = ContactInteractor;
			sourceTree = "<group>";
		};
		F9E5D72022FF702200554A10 /* ContactRouter */ = {
			isa = PBXGroup;
			children = (
				F9E5D72122FF702B00554A10 /* CRouter.swift */,
			);
			path = ContactRouter;
			sourceTree = "<group>";
		};
		F9E5D72322FF755E00554A10 /* ContactBuilder */ = {
			isa = PBXGroup;
			children = (
				F91CC82922FF75C100C237A8 /* ContactBuilder.swift */,
			);
			path = ContactBuilder;
			sourceTree = "<group>";
		};
		F9F1D83222FE21610089CEB7 = {
			isa = PBXGroup;
			children = (
				F9F1D83D22FE21610089CEB7 /* AndrosCodemoCV */,
				F9F1D83C22FE21610089CEB7 /* Products */,
			);
			sourceTree = "<group>";
		};
		F9F1D83C22FE21610089CEB7 /* Products */ = {
			isa = PBXGroup;
			children = (
				F9F1D83B22FE21610089CEB7 /* AndrosCodemoCV.app */,
			);
			name = Products;
			sourceTree = "<group>";
		};
		F9F1D83D22FE21610089CEB7 /* AndrosCodemoCV */ = {
			isa = PBXGroup;
			children = (
				F9F1D86D22FE25B10089CEB7 /* Modules */,
				F9F1D86E22FE25BA0089CEB7 /* Entities */,
				F9F1D88222FE2EDD0089CEB7 /* Utilities */,
				F9F1D83E22FE21610089CEB7 /* AppDelegate.swift */,
				F9F1D84A22FE21630089CEB7 /* Info.plist */,
				F9F1D84722FE21630089CEB7 /* LaunchScreen.storyboard */,
				F9F1D84522FE21630089CEB7 /* Assets.xcassets */,
			);
			path = AndrosCodemoCV;
			sourceTree = "<group>";
		};
		F9F1D86C22FE25A60089CEB7 /* HomeModule */ = {
			isa = PBXGroup;
			children = (
				F9F1D87F22FE2DB20089CEB7 /* HomeBuilder */,
				F9F1D87522FE2BD40089CEB7 /* HomeRouter */,
				F9F1D87822FE2C310089CEB7 /* HomeInteractor */,
				F9F1D87222FE2B820089CEB7 /* HomePresenter */,
				F9F1D87122FE2B570089CEB7 /* HomeView */,
			);
			path = HomeModule;
			sourceTree = "<group>";
		};
		F9F1D86D22FE25B10089CEB7 /* Modules */ = {
			isa = PBXGroup;
			children = (
				F94BB41622FFAD8F00AE062A /* PastExperienceModule */,
				F906AC6022FF97DD007284C0 /* TopicsOfKnowledgeModule */,
				F926C1B922FF83B700BB3E4B /* ProfessionalSummaryModule */,
				F97E0C3022FF5E31007E5641 /* ContactModule */,
				F9C67BAC22FF3FC400753D99 /* AboutThisProjectModule */,
				F9FC342122FE72FB0029C067 /* PersonalInformationModule */,
				F9F1D86C22FE25A60089CEB7 /* HomeModule */,
			);
			path = Modules;
			sourceTree = "<group>";
		};
		F9F1D86E22FE25BA0089CEB7 /* Entities */ = {
			isa = PBXGroup;
			children = (
				F9F1D87B22FE2CC10089CEB7 /* HomeModel.swift */,
				F9F1D87D22FE2D0D0089CEB7 /* HomeElement.swift */,
				F96749B922FE9B0900B14AB1 /* PersonalInformationModel.swift */,
				F9E5D71E22FF6F8800554A10 /* ContactModel.swift */,
				F9C2E53B22FFA08A005BE0F4 /* TopicsOfKnowledgeModel.swift */,
				F91695E522FFB78900BF8B1B /* PastExperienceModel.swift */,
			);
			path = Entities;
			sourceTree = "<group>";
		};
		F9F1D87122FE2B570089CEB7 /* HomeView */ = {
			isa = PBXGroup;
			children = (
				F9F1D84022FE21610089CEB7 /* HViewController.swift */,
				F9159FB122FE43120066E1A1 /* HTableViewCell.swift */,
				F9F1D84222FE21610089CEB7 /* HomeModule.storyboard */,
			);
			path = HomeView;
			sourceTree = "<group>";
		};
		F9F1D87222FE2B820089CEB7 /* HomePresenter */ = {
			isa = PBXGroup;
			children = (
				F9F1D87322FE2B9B0089CEB7 /* HPresenter.swift */,
			);
			path = HomePresenter;
			sourceTree = "<group>";
		};
		F9F1D87522FE2BD40089CEB7 /* HomeRouter */ = {
			isa = PBXGroup;
			children = (
				F9F1D87622FE2BE00089CEB7 /* HRouter.swift */,
			);
			path = HomeRouter;
			sourceTree = "<group>";
		};
		F9F1D87822FE2C310089CEB7 /* HomeInteractor */ = {
			isa = PBXGroup;
			children = (
				F9F1D87922FE2C410089CEB7 /* HInteractor.swift */,
			);
			path = HomeInteractor;
			sourceTree = "<group>";
		};
		F9F1D87F22FE2DB20089CEB7 /* HomeBuilder */ = {
			isa = PBXGroup;
			children = (
				F9F1D88022FE2DC30089CEB7 /* HomeModuleBuilder.swift */,
			);
			path = HomeBuilder;
			sourceTree = "<group>";
		};
		F9F1D88222FE2EDD0089CEB7 /* Utilities */ = {
			isa = PBXGroup;
			children = (
				F9159FB522FE44680066E1A1 /* IBKit */,
				F9F1D88322FE2EEE0089CEB7 /* Extensions */,
				F9800B7822FE68310078EAC0 /* HomeModuleStrings.strings */,
			);
			path = Utilities;
			sourceTree = "<group>";
		};
		F9F1D88322FE2EEE0089CEB7 /* Extensions */ = {
			isa = PBXGroup;
			children = (
				F9159FB822FE44FE0066E1A1 /* CGColorExtension.swift */,
				F9F1D88422FE2EFA0089CEB7 /* UIStoryboardExtension.swift */,
				F9159FBA22FE47FB0066E1A1 /* UITableViewCellExtension.swift */,
				F9159FBC22FE48E50066E1A1 /* UITableViewExtension.swift */,
			);
			path = Extensions;
			sourceTree = "<group>";
		};
		F9FC342122FE72FB0029C067 /* PersonalInformationModule */ = {
			isa = PBXGroup;
			children = (
				F98BA51422FE73ED002737DE /* PersonalInformationBuilder */,
				F98BA51222FE73C3002737DE /* PersonalInformationRouter */,
				F98BA51322FE73D7002737DE /* PersonalInformationInteractor */,
				F98BA51122FE73B9002737DE /* PersonalInformationPresenter */,
				F98BA51022FE73A2002737DE /* PersonalInformationView */,
			);
			path = PersonalInformationModule;
			sourceTree = "<group>";
		};
/* End PBXGroup section */

/* Begin PBXNativeTarget section */
		F9F1D83A22FE21610089CEB7 /* AndrosCodemoCV */ = {
			isa = PBXNativeTarget;
			buildConfigurationList = F9F1D86322FE21630089CEB7 /* Build configuration list for PBXNativeTarget "AndrosCodemoCV" */;
			buildPhases = (
				F9F1D83722FE21610089CEB7 /* Sources */,
				F9F1D83822FE21610089CEB7 /* Frameworks */,
				F9F1D83922FE21610089CEB7 /* Resources */,
			);
			buildRules = (
			);
			dependencies = (
			);
			name = AndrosCodemoCV;
			productName = "AndrosCodemo CV";
			productReference = F9F1D83B22FE21610089CEB7 /* AndrosCodemoCV.app */;
			productType = "com.apple.product-type.application";
		};
/* End PBXNativeTarget section */

/* Begin PBXProject section */
		F9F1D83322FE21610089CEB7 /* Project object */ = {
			isa = PBXProject;
			attributes = {
				LastSwiftUpdateCheck = 1030;
				LastUpgradeCheck = 1030;
				ORGANIZATIONNAME = "Andros Codemo";
				TargetAttributes = {
					F9F1D83A22FE21610089CEB7 = {
						CreatedOnToolsVersion = 10.3;
						LastSwiftMigration = 1030;
					};
				};
			};
			buildConfigurationList = F9F1D83622FE21610089CEB7 /* Build configuration list for PBXProject "AndrosCodemoCV" */;
			compatibilityVersion = "Xcode 9.3";
			developmentRegion = en;
			hasScannedForEncodings = 0;
			knownRegions = (
				en,
				Base,
				es,
			);
			mainGroup = F9F1D83222FE21610089CEB7;
			productRefGroup = F9F1D83C22FE21610089CEB7 /* Products */;
			projectDirPath = "";
			projectRoot = "";
			targets = (
				F9F1D83A22FE21610089CEB7 /* AndrosCodemoCV */,
			);
		};
/* End PBXProject section */

/* Begin PBXResourcesBuildPhase section */
		F9F1D83922FE21610089CEB7 /* Resources */ = {
			isa = PBXResourcesBuildPhase;
			buildActionMask = 2147483647;
			files = (
				F926C1BC22FF83E600BB3E4B /* ProfessionalSummary.storyboard in Resources */,
				F9FB012722FF4D3400CAC841 /* AboutThisProject.storyboard in Resources */,
				F9D1AED022FF388E00E93CD6 /* PersonalInformation.storyboard in Resources */,
				F9F1D84922FE21630089CEB7 /* LaunchScreen.storyboard in Resources */,
				F9C342A622FF9C9F00DAEE0E /* TopicsOfKnowledge.storyboard in Resources */,
				F9F1D84622FE21630089CEB7 /* Assets.xcassets in Resources */,
				F9800B7622FE68310078EAC0 /* HomeModuleStrings.strings in Resources */,
				F9F1D84422FE21610089CEB7 /* HomeModule.storyboard in Resources */,
				F94BB41922FFADBD00AE062A /* PastExperience.storyboard in Resources */,
				F9E5D71122FF6B0F00554A10 /* Contact.storyboard in Resources */,
			);
			runOnlyForDeploymentPostprocessing = 0;
		};
/* End PBXResourcesBuildPhase section */

/* Begin PBXSourcesBuildPhase section */
		F9F1D83722FE21610089CEB7 /* Sources */ = {
			isa = PBXSourcesBuildPhase;
			buildActionMask = 2147483647;
			files = (
				F9FB013322FF547300CAC841 /* ATPRouter.swift in Sources */,
				F91CC82A22FF75C100C237A8 /* ContactBuilder.swift in Sources */,
				F9F1D87422FE2B9B0089CEB7 /* HPresenter.swift in Sources */,
				F9159FB722FE44740066E1A1 /* IBView.swift in Sources */,
				F9F1D87722FE2BE00089CEB7 /* HRouter.swift in Sources */,
				F9E5D71722FF6CAA00554A10 /* CViewController.swift in Sources */,
				F94BB42122FFAEC200AE062A /* PEInteractor.swift in Sources */,
				F90F955C22FE7B0B00B5382F /* PIRouter.swift in Sources */,
				F9F1D87E22FE2D0D0089CEB7 /* HomeElement.swift in Sources */,
				F9C2E53C22FFA08A005BE0F4 /* TopicsOfKnowledgeModel.swift in Sources */,
				F94BB42722FFAF3500AE062A /* PEBuilder.swift in Sources */,
				F9F1D87C22FE2CC10089CEB7 /* HomeModel.swift in Sources */,
				F98BA51822FE742D002737DE /* PIViewController.swift in Sources */,
				F9F1D88522FE2EFA0089CEB7 /* UIStoryboardExtension.swift in Sources */,
				F9C2E54222FFA232005BE0F4 /* TOKRouter.swift in Sources */,
				F9FB012F22FF52E400CAC841 /* ATPPresenter.swift in Sources */,
				F9FB012D22FF517E00CAC841 /* ATPViewController.swift in Sources */,
				F9E5D72222FF702B00554A10 /* CRouter.swift in Sources */,
				F926C1CA22FF8E2900BB3E4B /* PSBuilder.swift in Sources */,
				F9E5D71D22FF6F3600554A10 /* CInteractor.swift in Sources */,
				F926C1BE22FF896000BB3E4B /* PSViewController.swift in Sources */,
				F96749BE22FEA5DC00B14AB1 /* PIBuilder.swift in Sources */,
				F9C2E54522FFA34F005BE0F4 /* TOKBuilder.swift in Sources */,
				F96749BA22FE9B0900B14AB1 /* PersonalInformationModel.swift in Sources */,
				F9159FBD22FE48E50066E1A1 /* UITableViewExtension.swift in Sources */,
				F94BB41E22FFAE8300AE062A /* PEPresenter.swift in Sources */,
				F9159FB222FE43120066E1A1 /* HTableViewCell.swift in Sources */,
				F94BB41B22FFAE3400AE062A /* PEViewController.swift in Sources */,
				F9FB013122FF53AE00CAC841 /* ATPInteractor.swift in Sources */,
				F9F1D88122FE2DC30089CEB7 /* HomeModuleBuilder.swift in Sources */,
				F926C1C722FF8C1E00BB3E4B /* PSRouter.swift in Sources */,
				F9C342AC22FF9D7400DAEE0E /* TOKViewController.swift in Sources */,
				F94BB42422FFAF0A00AE062A /* PERouter.swift in Sources */,
				F93612A822FF67CC00FAC707 /* IBButton.swift in Sources */,
				F926C1C422FF8AFC00BB3E4B /* PSInteractor.swift in Sources */,
				F9FDBD2622FF5BFE00F759DD /* ATPBuilder.swift in Sources */,
				F9F1D84122FE21610089CEB7 /* HViewController.swift in Sources */,
				F98BA51A22FE74B4002737DE /* PIPresenter.swift in Sources */,
				F9159FB922FE44FE0066E1A1 /* CGColorExtension.swift in Sources */,
				F9E5D71A22FF6DE300554A10 /* CPresenter.swift in Sources */,
				F91695E622FFB78900BF8B1B /* PastExperienceModel.swift in Sources */,
				F9F1D87A22FE2C410089CEB7 /* HInteractor.swift in Sources */,
				F90F955A22FE7ACF00B5382F /* PIInteractor.swift in Sources */,
				F9159FBB22FE47FB0066E1A1 /* UITableViewCellExtension.swift in Sources */,
				F9C2E53A22FF9FCC005BE0F4 /* TOKPresenter.swift in Sources */,
				F96749AF22FE876600B14AB1 /* IBImageView.swift in Sources */,
				F91695E422FFB4A000BF8B1B /* PETableCell.swift in Sources */,
				F9E5D71F22FF6F8800554A10 /* ContactModel.swift in Sources */,
				F926C1C122FF8A3300BB3E4B /* PSPresenter.swift in Sources */,
				F9F1D83F22FE21610089CEB7 /* AppDelegate.swift in Sources */,
				F9C2E53F22FFA138005BE0F4 /* TOKInteractor.swift in Sources */,
			);
			runOnlyForDeploymentPostprocessing = 0;
		};
/* End PBXSourcesBuildPhase section */

/* Begin PBXVariantGroup section */
		F9800B7822FE68310078EAC0 /* HomeModuleStrings.strings */ = {
			isa = PBXVariantGroup;
			children = (
				F9800B7722FE68310078EAC0 /* es */,
			);
			name = HomeModuleStrings.strings;
			sourceTree = "<group>";
		};
		F9C342A822FF9C9F00DAEE0E /* TopicsOfKnowledge.storyboard */ = {
			isa = PBXVariantGroup;
			children = (
				F9C342A722FF9C9F00DAEE0E /* Base */,
				F9C342AA22FF9CBC00DAEE0E /* es */,
			);
			name = TopicsOfKnowledge.storyboard;
			sourceTree = "<group>";
		};
		F9D1AED222FF388E00E93CD6 /* PersonalInformation.storyboard */ = {
			isa = PBXVariantGroup;
			children = (
				F9D1AED122FF388E00E93CD6 /* Base */,
				F9D1AED422FF38A200E93CD6 /* es */,
			);
			name = PersonalInformation.storyboard;
			sourceTree = "<group>";
		};
		F9E5D71322FF6B0F00554A10 /* Contact.storyboard */ = {
			isa = PBXVariantGroup;
			children = (
				F9E5D71222FF6B0F00554A10 /* Base */,
				F9E5D71522FF6B1C00554A10 /* es */,
			);
			name = Contact.storyboard;
			sourceTree = "<group>";
		};
		F9F1D84222FE21610089CEB7 /* HomeModule.storyboard */ = {
			isa = PBXVariantGroup;
			children = (
				F9F1D84322FE21610089CEB7 /* Base */,
				F9F1D86F22FE2A130089CEB7 /* es */,
			);
			name = HomeModule.storyboard;
			sourceTree = "<group>";
		};
		F9F1D84722FE21630089CEB7 /* LaunchScreen.storyboard */ = {
			isa = PBXVariantGroup;
			children = (
				F9F1D84822FE21630089CEB7 /* Base */,
				F9F1D87022FE2A140089CEB7 /* es */,
			);
			name = LaunchScreen.storyboard;
			sourceTree = "<group>";
		};
		F9FB012922FF4D3400CAC841 /* AboutThisProject.storyboard */ = {
			isa = PBXVariantGroup;
			children = (
				F9FB012822FF4D3400CAC841 /* Base */,
				F9FB012B22FF4D4B00CAC841 /* es */,
			);
			name = AboutThisProject.storyboard;
			sourceTree = "<group>";
		};
/* End PBXVariantGroup section */

/* Begin XCBuildConfiguration section */
		F9F1D86122FE21630089CEB7 /* Debug */ = {
			isa = XCBuildConfiguration;
			buildSettings = {
				ALWAYS_SEARCH_USER_PATHS = NO;
				CLANG_ANALYZER_LOCALIZABILITY_NONLOCALIZED = YES;
				CLANG_ANALYZER_NONNULL = YES;
				CLANG_ANALYZER_NUMBER_OBJECT_CONVERSION = YES_AGGRESSIVE;
				CLANG_CXX_LANGUAGE_STANDARD = "gnu++14";
				CLANG_CXX_LIBRARY = "libc++";
				CLANG_ENABLE_MODULES = YES;
				CLANG_ENABLE_OBJC_ARC = YES;
				CLANG_ENABLE_OBJC_WEAK = YES;
				CLANG_WARN_BLOCK_CAPTURE_AUTORELEASING = YES;
				CLANG_WARN_BOOL_CONVERSION = YES;
				CLANG_WARN_COMMA = YES;
				CLANG_WARN_CONSTANT_CONVERSION = YES;
				CLANG_WARN_DEPRECATED_OBJC_IMPLEMENTATIONS = YES;
				CLANG_WARN_DIRECT_OBJC_ISA_USAGE = YES_ERROR;
				CLANG_WARN_DOCUMENTATION_COMMENTS = YES;
				CLANG_WARN_EMPTY_BODY = YES;
				CLANG_WARN_ENUM_CONVERSION = YES;
				CLANG_WARN_INFINITE_RECURSION = YES;
				CLANG_WARN_INT_CONVERSION = YES;
				CLANG_WARN_NON_LITERAL_NULL_CONVERSION = YES;
				CLANG_WARN_OBJC_IMPLICIT_RETAIN_SELF = YES;
				CLANG_WARN_OBJC_LITERAL_CONVERSION = YES;
				CLANG_WARN_OBJC_ROOT_CLASS = YES_ERROR;
				CLANG_WARN_RANGE_LOOP_ANALYSIS = YES;
				CLANG_WARN_STRICT_PROTOTYPES = YES;
				CLANG_WARN_SUSPICIOUS_MOVE = YES;
				CLANG_WARN_UNGUARDED_AVAILABILITY = YES_AGGRESSIVE;
				CLANG_WARN_UNREACHABLE_CODE = YES;
				CLANG_WARN__DUPLICATE_METHOD_MATCH = YES;
				CODE_SIGN_IDENTITY = "iPhone Developer";
				COPY_PHASE_STRIP = NO;
				DEBUG_INFORMATION_FORMAT = dwarf;
				ENABLE_STRICT_OBJC_MSGSEND = YES;
				ENABLE_TESTABILITY = YES;
				GCC_C_LANGUAGE_STANDARD = gnu11;
				GCC_DYNAMIC_NO_PIC = NO;
				GCC_NO_COMMON_BLOCKS = YES;
				GCC_OPTIMIZATION_LEVEL = 0;
				GCC_PREPROCESSOR_DEFINITIONS = (
					"DEBUG=1",
					"$(inherited)",
				);
				GCC_WARN_64_TO_32_BIT_CONVERSION = YES;
				GCC_WARN_ABOUT_RETURN_TYPE = YES_ERROR;
				GCC_WARN_UNDECLARED_SELECTOR = YES;
				GCC_WARN_UNINITIALIZED_AUTOS = YES_AGGRESSIVE;
				GCC_WARN_UNUSED_FUNCTION = YES;
				GCC_WARN_UNUSED_VARIABLE = YES;
				IPHONEOS_DEPLOYMENT_TARGET = 10.0;
				MTL_ENABLE_DEBUG_INFO = INCLUDE_SOURCE;
				MTL_FAST_MATH = YES;
				ONLY_ACTIVE_ARCH = YES;
				SDKROOT = iphoneos;
				SWIFT_ACTIVE_COMPILATION_CONDITIONS = DEBUG;
				SWIFT_OPTIMIZATION_LEVEL = "-Onone";
			};
			name = Debug;
		};
		F9F1D86222FE21630089CEB7 /* Release */ = {
			isa = XCBuildConfiguration;
			buildSettings = {
				ALWAYS_SEARCH_USER_PATHS = NO;
				CLANG_ANALYZER_LOCALIZABILITY_NONLOCALIZED = YES;
				CLANG_ANALYZER_NONNULL = YES;
				CLANG_ANALYZER_NUMBER_OBJECT_CONVERSION = YES_AGGRESSIVE;
				CLANG_CXX_LANGUAGE_STANDARD = "gnu++14";
				CLANG_CXX_LIBRARY = "libc++";
				CLANG_ENABLE_MODULES = YES;
				CLANG_ENABLE_OBJC_ARC = YES;
				CLANG_ENABLE_OBJC_WEAK = YES;
				CLANG_WARN_BLOCK_CAPTURE_AUTORELEASING = YES;
				CLANG_WARN_BOOL_CONVERSION = YES;
				CLANG_WARN_COMMA = YES;
				CLANG_WARN_CONSTANT_CONVERSION = YES;
				CLANG_WARN_DEPRECATED_OBJC_IMPLEMENTATIONS = YES;
				CLANG_WARN_DIRECT_OBJC_ISA_USAGE = YES_ERROR;
				CLANG_WARN_DOCUMENTATION_COMMENTS = YES;
				CLANG_WARN_EMPTY_BODY = YES;
				CLANG_WARN_ENUM_CONVERSION = YES;
				CLANG_WARN_INFINITE_RECURSION = YES;
				CLANG_WARN_INT_CONVERSION = YES;
				CLANG_WARN_NON_LITERAL_NULL_CONVERSION = YES;
				CLANG_WARN_OBJC_IMPLICIT_RETAIN_SELF = YES;
				CLANG_WARN_OBJC_LITERAL_CONVERSION = YES;
				CLANG_WARN_OBJC_ROOT_CLASS = YES_ERROR;
				CLANG_WARN_RANGE_LOOP_ANALYSIS = YES;
				CLANG_WARN_STRICT_PROTOTYPES = YES;
				CLANG_WARN_SUSPICIOUS_MOVE = YES;
				CLANG_WARN_UNGUARDED_AVAILABILITY = YES_AGGRESSIVE;
				CLANG_WARN_UNREACHABLE_CODE = YES;
				CLANG_WARN__DUPLICATE_METHOD_MATCH = YES;
				CODE_SIGN_IDENTITY = "iPhone Developer";
				COPY_PHASE_STRIP = NO;
				DEBUG_INFORMATION_FORMAT = "dwarf-with-dsym";
				ENABLE_NS_ASSERTIONS = NO;
				ENABLE_STRICT_OBJC_MSGSEND = YES;
				GCC_C_LANGUAGE_STANDARD = gnu11;
				GCC_NO_COMMON_BLOCKS = YES;
				GCC_WARN_64_TO_32_BIT_CONVERSION = YES;
				GCC_WARN_ABOUT_RETURN_TYPE = YES_ERROR;
				GCC_WARN_UNDECLARED_SELECTOR = YES;
				GCC_WARN_UNINITIALIZED_AUTOS = YES_AGGRESSIVE;
				GCC_WARN_UNUSED_FUNCTION = YES;
				GCC_WARN_UNUSED_VARIABLE = YES;
				IPHONEOS_DEPLOYMENT_TARGET = 10.0;
				MTL_ENABLE_DEBUG_INFO = NO;
				MTL_FAST_MATH = YES;
				SDKROOT = iphoneos;
				SWIFT_COMPILATION_MODE = wholemodule;
				SWIFT_OPTIMIZATION_LEVEL = "-O";
				VALIDATE_PRODUCT = YES;
			};
			name = Release;
		};
		F9F1D86422FE21630089CEB7 /* Debug */ = {
			isa = XCBuildConfiguration;
			buildSettings = {
				ASSETCATALOG_COMPILER_APPICON_NAME = AppIcon;
				CODE_SIGN_STYLE = Automatic;
				DEVELOPMENT_TEAM = YP435FQCS6;
				INFOPLIST_FILE = AndrosCodemoCV/Info.plist;
				IPHONEOS_DEPLOYMENT_TARGET = 10.0;
				LD_RUNPATH_SEARCH_PATHS = (
					"$(inherited)",
					"@executable_path/Frameworks",
				);
				PRODUCT_BUNDLE_IDENTIFIER = hxcode.AndrosCodemoCV;
				PRODUCT_NAME = "$(TARGET_NAME)";
				SWIFT_VERSION = 4.2;
				TARGETED_DEVICE_FAMILY = "1,2";
			};
			name = Debug;
		};
		F9F1D86522FE21630089CEB7 /* Release */ = {
			isa = XCBuildConfiguration;
			buildSettings = {
				ASSETCATALOG_COMPILER_APPICON_NAME = AppIcon;
				CODE_SIGN_STYLE = Automatic;
				DEVELOPMENT_TEAM = YP435FQCS6;
				INFOPLIST_FILE = AndrosCodemoCV/Info.plist;
				IPHONEOS_DEPLOYMENT_TARGET = 10.0;
				LD_RUNPATH_SEARCH_PATHS = (
					"$(inherited)",
					"@executable_path/Frameworks",
				);
				PRODUCT_BUNDLE_IDENTIFIER = hxcode.AndrosCodemoCV;
				PRODUCT_NAME = "$(TARGET_NAME)";
				SWIFT_VERSION = 4.2;
				TARGETED_DEVICE_FAMILY = "1,2";
			};
			name = Release;
		};
/* End XCBuildConfiguration section */

/* Begin XCConfigurationList section */
		F9F1D83622FE21610089CEB7 /* Build configuration list for PBXProject "AndrosCodemoCV" */ = {
			isa = XCConfigurationList;
			buildConfigurations = (
				F9F1D86122FE21630089CEB7 /* Debug */,
				F9F1D86222FE21630089CEB7 /* Release */,
			);
			defaultConfigurationIsVisible = 0;
			defaultConfigurationName = Release;
		};
		F9F1D86322FE21630089CEB7 /* Build configuration list for PBXNativeTarget "AndrosCodemoCV" */ = {
			isa = XCConfigurationList;
			buildConfigurations = (
				F9F1D86422FE21630089CEB7 /* Debug */,
				F9F1D86522FE21630089CEB7 /* Release */,
			);
			defaultConfigurationIsVisible = 0;
			defaultConfigurationName = Release;
		};
/* End XCConfigurationList section */
	};
	rootObject = F9F1D83322FE21610089CEB7 /* Project object */;
}
